
Microsoft Visual Studio Solution File, Format Version 12.00
# Visual Studio Version 16
VisualStudioVersion = 16.0.30611.23
MinimumVisualStudioVersion = 10.0.40219.1
Project("{9A19103F-16F7-4668-BE54-9A1E7A4F7556}") = "ToyRobotSimulator", "ToyRobotSimulator\ToyRobotSimulator.csproj", "{F8DDFF82-3B30-43C0-8BE5-8AEF054CD49B}"
EndProject
Project("{FAE04EC0-301F-11D3-BF4B-00C04F79EFBC}") = "ToyRobotSimulatorTest", "ToyRobotSimulatorTest\ToyRobotSimulatorTest.csproj", "{9CE74823-8AC6-4DDC-A630-6E8539DCA948}"
EndProject
Global
	GlobalSection(SolutionConfigurationPlatforms) = preSolution
		Debug|Any CPU = Debug|Any CPU
		Release|Any CPU = Release|Any CPU
	EndGlobalSection
	GlobalSection(ProjectConfigurationPlatforms) = postSolution
		{F8DDFF82-3B30-43C0-8BE5-8AEF054CD49B}.Debug|Any CPU.ActiveCfg = Debug|Any CPU
		{F8DDFF82-3B30-43C0-8BE5-8AEF054CD49B}.Debug|Any CPU.Build.0 = Debug|Any CPU
		{F8DDFF82-3B30-43C0-8BE5-8AEF054CD49B}.Release|Any CPU.ActiveCfg = Release|Any CPU
		{F8DDFF82-3B30-43C0-8BE5-8AEF054CD49B}.Release|Any CPU.Build.0 = Release|Any CPU
		{9CE74823-8AC6-4DDC-A630-6E8539DCA948}.Debug|Any CPU.ActiveCfg = Debug|Any CPU
		{9CE74823-8AC6-4DDC-A630-6E8539DCA948}.Debug|Any CPU.Build.0 = Debug|Any CPU
		{9CE74823-8AC6-4DDC-A630-6E8539DCA948}.Release|Any CPU.ActiveCfg = Release|Any CPU
		{9CE74823-8AC6-4DDC-A630-6E8539DCA948}.Release|Any CPU.Build.0 = Release|Any CPU
	EndGlobalSection
	GlobalSection(SolutionProperties) = preSolution
		HideSolutionNode = FALSE
	EndGlobalSection
	GlobalSection(ExtensibilityGlobals) = postSolution
		SolutionGuid = {23316577-D2AA-4D98-BE5C-48FCD776CD7D}
	EndGlobalSection
EndGlobal
